
Microsoft Visual Studio Solution File, Format Version 12.00
# Visual Studio 2012
Project("{FAE04EC0-301F-11D3-BF4B-00C04F79EFBC}") = "Array2", "Array2\Array2.csproj", "{E2D98134-374A-46E1-B875-BD39BDBB1742}"
EndProject
Global
	GlobalSection(SolutionConfigurationPlatforms) = preSolution
		Debug|x86 = Debug|x86
		Release|x86 = Release|x86
	EndGlobalSection
	GlobalSection(ProjectConfigurationPlatforms) = postSolution
		{E2D98134-374A-46E1-B875-BD39BDBB1742}.Debug|x86.ActiveCfg = Debug|x86
		{E2D98134-374A-46E1-B875-BD39BDBB1742}.Debug|x86.Build.0 = Debug|x86
		{E2D98134-374A-46E1-B875-BD39BDBB1742}.Release|x86.ActiveCfg = Release|x86
		{E2D98134-374A-46E1-B875-BD39BDBB1742}.Release|x86.Build.0 = Release|x86
	EndGlobalSection
EndGlobal
