
Microsoft Visual Studio Solution File, Format Version 12.00
# Visual Studio 2012
Project("{FAE04EC0-301F-11D3-BF4B-00C04F79EFBC}") = "Exception2", "Exception2\Exception2.csproj", "{4BBD7986-1166-43AD-9F4B-3399FCC0B0BE}"
EndProject
Global
	GlobalSection(SolutionConfigurationPlatforms) = preSolution
		Debug|x86 = Debug|x86
		Release|x86 = Release|x86
	EndGlobalSection
	GlobalSection(ProjectConfigurationPlatforms) = postSolution
		{4BBD7986-1166-43AD-9F4B-3399FCC0B0BE}.Debug|x86.ActiveCfg = Debug|x86
		{4BBD7986-1166-43AD-9F4B-3399FCC0B0BE}.Debug|x86.Build.0 = Debug|x86
		{4BBD7986-1166-43AD-9F4B-3399FCC0B0BE}.Release|x86.ActiveCfg = Release|x86
		{4BBD7986-1166-43AD-9F4B-3399FCC0B0BE}.Release|x86.Build.0 = Release|x86
	EndGlobalSection
EndGlobal
